
Microsoft Visual Studio Solution File, Format Version 12.00
# Visual Studio Version 17
VisualStudioVersion = 17.0.31919.166
MinimumVisualStudioVersion = 10.0.40219.1
Project("{FAE04EC0-301F-11D3-BF4B-00C04F79EFBC}") = "Japanese.Android", "Japanese\Japanese.Android\Japanese.Android.csproj", "{B4977A1F-33E5-4A31-B8A3-229799A9EF3D}"
EndProject
Project("{FAE04EC0-301F-11D3-BF4B-00C04F79EFBC}") = "Japanese.iOS", "Japanese\Japanese.iOS\Japanese.iOS.csproj", "{3393AD8F-65AE-469D-85A1-D00B2409EBFA}"
EndProject
Project("{FAE04EC0-301F-11D3-BF4B-00C04F79EFBC}") = "Japanese", "Japanese\Japanese\Japanese.csproj", "{224CA67D-254F-4450-B001-E01A26EAA15E}"
EndProject
Global
	GlobalSection(SolutionConfigurationPlatforms) = preSolution
		Debug|Any CPU = Debug|Any CPU
		Debug|iPhone = Debug|iPhone
		Debug|iPhoneSimulator = Debug|iPhoneSimulator
		Release|Any CPU = Release|Any CPU
		Release|iPhone = Release|iPhone
		Release|iPhoneSimulator = Release|iPhoneSimulator
	EndGlobalSection
	GlobalSection(ProjectConfigurationPlatforms) = postSolution
		{B4977A1F-33E5-4A31-B8A3-229799A9EF3D}.Debug|Any CPU.ActiveCfg = Debug|Any CPU
		{B4977A1F-33E5-4A31-B8A3-229799A9EF3D}.Debug|Any CPU.Build.0 = Debug|Any CPU
		{B4977A1F-33E5-4A31-B8A3-229799A9EF3D}.Debug|Any CPU.Deploy.0 = Debug|Any CPU
		{B4977A1F-33E5-4A31-B8A3-229799A9EF3D}.Debug|iPhone.ActiveCfg = Debug|Any CPU
		{B4977A1F-33E5-4A31-B8A3-229799A9EF3D}.Debug|iPhone.Build.0 = Debug|Any CPU
		{B4977A1F-33E5-4A31-B8A3-229799A9EF3D}.Debug|iPhone.Deploy.0 = Debug|Any CPU
		{B4977A1F-33E5-4A31-B8A3-229799A9EF3D}.Debug|iPhoneSimulator.ActiveCfg = Debug|Any CPU
		{B4977A1F-33E5-4A31-B8A3-229799A9EF3D}.Debug|iPhoneSimulator.Build.0 = Debug|Any CPU
		{B4977A1F-33E5-4A31-B8A3-229799A9EF3D}.Debug|iPhoneSimulator.Deploy.0 = Debug|Any CPU
		{B4977A1F-33E5-4A31-B8A3-229799A9EF3D}.Release|Any CPU.ActiveCfg = Release|Any CPU
		{B4977A1F-33E5-4A31-B8A3-229799A9EF3D}.Release|Any CPU.Build.0 = Release|Any CPU
		{B4977A1F-33E5-4A31-B8A3-229799A9EF3D}.Release|Any CPU.Deploy.0 = Release|Any CPU
		{B4977A1F-33E5-4A31-B8A3-229799A9EF3D}.Release|iPhone.ActiveCfg = Release|Any CPU
		{B4977A1F-33E5-4A31-B8A3-229799A9EF3D}.Release|iPhone.Build.0 = Release|Any CPU
		{B4977A1F-33E5-4A31-B8A3-229799A9EF3D}.Release|iPhone.Deploy.0 = Release|Any CPU
		{B4977A1F-33E5-4A31-B8A3-229799A9EF3D}.Release|iPhoneSimulator.ActiveCfg = Release|Any CPU
		{B4977A1F-33E5-4A31-B8A3-229799A9EF3D}.Release|iPhoneSimulator.Build.0 = Release|Any CPU
		{B4977A1F-33E5-4A31-B8A3-229799A9EF3D}.Release|iPhoneSimulator.Deploy.0 = Release|Any CPU
		{3393AD8F-65AE-469D-85A1-D00B2409EBFA}.Debug|Any CPU.ActiveCfg = Debug|iPhone
		{3393AD8F-65AE-469D-85A1-D00B2409EBFA}.Debug|Any CPU.Build.0 = Debug|iPhone
		{3393AD8F-65AE-469D-85A1-D00B2409EBFA}.Debug|Any CPU.Deploy.0 = Debug|iPhone
		{3393AD8F-65AE-469D-85A1-D00B2409EBFA}.Debug|iPhone.ActiveCfg = Debug|iPhone
		{3393AD8F-65AE-469D-85A1-D00B2409EBFA}.Debug|iPhone.Build.0 = Debug|iPhone
		{3393AD8F-65AE-469D-85A1-D00B2409EBFA}.Debug|iPhone.Deploy.0 = Debug|iPhone
		{3393AD8F-65AE-469D-85A1-D00B2409EBFA}.Debug|iPhoneSimulator.ActiveCfg = Debug|iPhoneSimulator
		{3393AD8F-65AE-469D-85A1-D00B2409EBFA}.Debug|iPhoneSimulator.Build.0 = Debug|iPhoneSimulator
		{3393AD8F-65AE-469D-85A1-D00B2409EBFA}.Debug|iPhoneSimulator.Deploy.0 = Debug|iPhoneSimulator
		{3393AD8F-65AE-469D-85A1-D00B2409EBFA}.Release|Any CPU.ActiveCfg = Release|iPhoneSimulator
		{3393AD8F-65AE-469D-85A1-D00B2409EBFA}.Release|Any CPU.Build.0 = Release|iPhoneSimulator
		{3393AD8F-65AE-469D-85A1-D00B2409EBFA}.Release|Any CPU.Deploy.0 = Release|iPhoneSimulator
		{3393AD8F-65AE-469D-85A1-D00B2409EBFA}.Release|iPhone.ActiveCfg = Release|iPhone
		{3393AD8F-65AE-469D-85A1-D00B2409EBFA}.Release|iPhone.Build.0 = Release|iPhone
		{3393AD8F-65AE-469D-85A1-D00B2409EBFA}.Release|iPhone.Deploy.0 = Release|iPhone
		{3393AD8F-65AE-469D-85A1-D00B2409EBFA}.Release|iPhoneSimulator.ActiveCfg = Release|iPhoneSimulator
		{3393AD8F-65AE-469D-85A1-D00B2409EBFA}.Release|iPhoneSimulator.Build.0 = Release|iPhoneSimulator
		{3393AD8F-65AE-469D-85A1-D00B2409EBFA}.Release|iPhoneSimulator.Deploy.0 = Release|iPhoneSimulator
		{224CA67D-254F-4450-B001-E01A26EAA15E}.Debug|Any CPU.ActiveCfg = Debug|Any CPU
		{224CA67D-254F-4450-B001-E01A26EAA15E}.Debug|Any CPU.Build.0 = Debug|Any CPU
		{224CA67D-254F-4450-B001-E01A26EAA15E}.Debug|Any CPU.Deploy.0 = Debug|Any CPU
		{224CA67D-254F-4450-B001-E01A26EAA15E}.Debug|iPhone.ActiveCfg = Debug|Any CPU
		{224CA67D-254F-4450-B001-E01A26EAA15E}.Debug|iPhone.Build.0 = Debug|Any CPU
		{224CA67D-254F-4450-B001-E01A26EAA15E}.Debug|iPhone.Deploy.0 = Debug|Any CPU
		{224CA67D-254F-4450-B001-E01A26EAA15E}.Debug|iPhoneSimulator.ActiveCfg = Debug|Any CPU
		{224CA67D-254F-4450-B001-E01A26EAA15E}.Debug|iPhoneSimulator.Build.0 = Debug|Any CPU
		{224CA67D-254F-4450-B001-E01A26EAA15E}.Debug|iPhoneSimulator.Deploy.0 = Debug|Any CPU
		{224CA67D-254F-4450-B001-E01A26EAA15E}.Release|Any CPU.ActiveCfg = Release|Any CPU
		{224CA67D-254F-4450-B001-E01A26EAA15E}.Release|Any CPU.Build.0 = Release|Any CPU
		{224CA67D-254F-4450-B001-E01A26EAA15E}.Release|Any CPU.Deploy.0 = Release|Any CPU
		{224CA67D-254F-4450-B001-E01A26EAA15E}.Release|iPhone.ActiveCfg = Release|Any CPU
		{224CA67D-254F-4450-B001-E01A26EAA15E}.Release|iPhone.Build.0 = Release|Any CPU
		{224CA67D-254F-4450-B001-E01A26EAA15E}.Release|iPhone.Deploy.0 = Release|Any CPU
		{224CA67D-254F-4450-B001-E01A26EAA15E}.Release|iPhoneSimulator.ActiveCfg = Release|Any CPU
		{224CA67D-254F-4450-B001-E01A26EAA15E}.Release|iPhoneSimulator.Build.0 = Release|Any CPU
		{224CA67D-254F-4450-B001-E01A26EAA15E}.Release|iPhoneSimulator.Deploy.0 = Release|Any CPU
	EndGlobalSection
	GlobalSection(SolutionProperties) = preSolution
		HideSolutionNode = FALSE
	EndGlobalSection
	GlobalSection(ExtensibilityGlobals) = postSolution
		SolutionGuid = {D8536427-D807-4BA8-BB03-BD673DA55EDC}
	EndGlobalSection
EndGlobal
